<?xml version="1.0" encoding="utf-8"?>
<Project ToolsVersion="4.0" xmlns="http://schemas.microsoft.com/developer/msbuild/2003">
  <ItemGroup>
    <Filter Include="Application">
      <UniqueIdentifier>{ea572e7e-99a3-4bb2-9bdd-a816abaa826f}</UniqueIdentifier>
    </Filter>
    <Filter Include="Coconart">
      <UniqueIdentifier>{4FC737F1-C7A5-4376-A066-2A32D752A2FF}</UniqueIdentifier>
      <Extensions>cpp;c;cc;cxx;def;odl;idl;hpj;bat;asm;asmx</Extensions>
    </Filter>
    <Filter Include="Coconart\Core">
      <UniqueIdentifier>{53a360db-e1e8-494d-9a70-5c14ff18bd1e}</UniqueIdentifier>
    </Filter>
    <Filter Include="Coconart\Resources">
      <UniqueIdentifier>{493ce21e-c5cb-4e5f-bc57-bdd25cd4e8d9}</UniqueIdentifier>
    </Filter>
    <Filter Include="Coconart\Libraries">
      <UniqueIdentifier>{d7f876b4-ed8e-41a5-ab79-4a6bc5b9863d}</UniqueIdentifier>
    </Filter>
    <Filter Include="Coconart\Libraries\LodePng">
      <UniqueIdentifier>{0e975d5a-3a63-45a1-aa09-824a74b6daf6}</UniqueIdentifier>
    </Filter>
  </ItemGroup>
  <ItemGroup>
    <ClInclude Include="Prerequites.h">
      <Filter>Coconart\Core</Filter>
    </ClInclude>
    <ClInclude Include="Context.h">
      <Filter>Coconart\Core</Filter>
    </ClInclude>
    <ClInclude Include="Root.h">
      <Filter>Coconart\Core</Filter>
    </ClInclude>
    <ClInclude Include="GameObject.h">
      <Filter>Application</Filter>
    </ClInclude>
    <ClInclude Include="Application.h">
      <Filter>Application</Filter>
    </ClInclude>
    <ClInclude Include="Coconart.h">
      <Filter>Coconart\Core</Filter>
    </ClInclude>
    <ClInclude Include="Mesh.h">
      <Filter>Coconart\Resources</Filter>
    </ClInclude>
    <ClInclude Include="Shader.h">
      <Filter>Coconart\Resources</Filter>
    </ClInclude>
    <ClInclude Include="Texture.h">
      <Filter>Coconart\Resources</Filter>
    </ClInclude>
    <ClInclude Include="lodepng.h">
      <Filter>Coconart\Libraries\LodePng</Filter>
    </ClInclude>
  </ItemGroup>
  <ItemGroup>
    <ClCompile Include="Context.cpp">
      <Filter>Coconart\Core</Filter>
    </ClCompile>
    <ClCompile Include="GameObject.cpp">
      <Filter>Application</Filter>
    </ClCompile>
    <ClCompile Include="Application.cpp">
      <Filter>Application</Filter>
    </ClCompile>
    <ClCompile Include="Main.cpp">
      <Filter>Coconart\Core</Filter>
    </ClCompile>
    <ClCompile Include="Mesh.cpp">
      <Filter>Coconart\Resources</Filter>
    </ClCompile>
    <ClCompile Include="Shader.cpp">
      <Filter>Coconart\Resources</Filter>
    </ClCompile>
    <ClCompile Include="Texture.cpp">
      <Filter>Coconart\Resources</Filter>
    </ClCompile>
    <ClCompile Include="lodepng.cpp">
      <Filter>Coconart\Libraries\LodePng</Filter>
    </ClCompile>
  </ItemGroup>
</Project>